
Microsoft Visual Studio Solution File, Format Version 12.00
# Visual Studio 15
VisualStudioVersion = 15.0.27130.2010
MinimumVisualStudioVersion = 10.0.40219.1
Project("{9A19103F-16F7-4668-BE54-9A1E7A4F7556}") = "Queue.Consumer", "Queue.Consumer\Queue.Consumer.csproj", "{F2E0C451-DC0F-449C-9589-4FE7C0F2CB8E}"
EndProject
Project("{9A19103F-16F7-4668-BE54-9A1E7A4F7556}") = "Queue.Web", "Queue.Web\Queue.Web.csproj", "{801651FE-94BD-48B9-8702-42A4F6D9EC08}"
EndProject
Project("{9A19103F-16F7-4668-BE54-9A1E7A4F7556}") = "Nanny.Common", "..\library\Nanny.Common\Nanny.Common.csproj", "{80766582-08CF-413F-B4BE-EC64A1C598C7}"
EndProject
Project("{9A19103F-16F7-4668-BE54-9A1E7A4F7556}") = "Nanny.Kubernetes", "..\library\Nanny.Kubernetes\Nanny.Kubernetes.csproj", "{6599D23F-BF56-4C7E-9DCB-10C811FB38F5}"
EndProject
Project("{9A19103F-16F7-4668-BE54-9A1E7A4F7556}") = "Nanny.ServiceBus", "..\library\Nanny.ServiceBus\Nanny.ServiceBus.csproj", "{ABCFA97F-B9BA-419C-8D08-0F3EDE34C9C8}"
EndProject
Project("{9A19103F-16F7-4668-BE54-9A1E7A4F7556}") = "Queue.Producer", "Queue.Producer\Queue.Producer.csproj", "{F8FE5E00-1467-4BDA-8304-18E2C420AA29}"
EndProject
Global
	GlobalSection(SolutionConfigurationPlatforms) = preSolution
		Debug|Any CPU = Debug|Any CPU
		Release|Any CPU = Release|Any CPU
	EndGlobalSection
	GlobalSection(ProjectConfigurationPlatforms) = postSolution
		{F2E0C451-DC0F-449C-9589-4FE7C0F2CB8E}.Debug|Any CPU.ActiveCfg = Debug|Any CPU
		{F2E0C451-DC0F-449C-9589-4FE7C0F2CB8E}.Debug|Any CPU.Build.0 = Debug|Any CPU
		{F2E0C451-DC0F-449C-9589-4FE7C0F2CB8E}.Release|Any CPU.ActiveCfg = Release|Any CPU
		{F2E0C451-DC0F-449C-9589-4FE7C0F2CB8E}.Release|Any CPU.Build.0 = Release|Any CPU
		{801651FE-94BD-48B9-8702-42A4F6D9EC08}.Debug|Any CPU.ActiveCfg = Debug|Any CPU
		{801651FE-94BD-48B9-8702-42A4F6D9EC08}.Debug|Any CPU.Build.0 = Debug|Any CPU
		{801651FE-94BD-48B9-8702-42A4F6D9EC08}.Release|Any CPU.ActiveCfg = Release|Any CPU
		{801651FE-94BD-48B9-8702-42A4F6D9EC08}.Release|Any CPU.Build.0 = Release|Any CPU
		{80766582-08CF-413F-B4BE-EC64A1C598C7}.Debug|Any CPU.ActiveCfg = Debug|Any CPU
		{80766582-08CF-413F-B4BE-EC64A1C598C7}.Debug|Any CPU.Build.0 = Debug|Any CPU
		{80766582-08CF-413F-B4BE-EC64A1C598C7}.Release|Any CPU.ActiveCfg = Release|Any CPU
		{80766582-08CF-413F-B4BE-EC64A1C598C7}.Release|Any CPU.Build.0 = Release|Any CPU
		{6599D23F-BF56-4C7E-9DCB-10C811FB38F5}.Debug|Any CPU.ActiveCfg = Debug|Any CPU
		{6599D23F-BF56-4C7E-9DCB-10C811FB38F5}.Debug|Any CPU.Build.0 = Debug|Any CPU
		{6599D23F-BF56-4C7E-9DCB-10C811FB38F5}.Release|Any CPU.ActiveCfg = Release|Any CPU
		{6599D23F-BF56-4C7E-9DCB-10C811FB38F5}.Release|Any CPU.Build.0 = Release|Any CPU
		{ABCFA97F-B9BA-419C-8D08-0F3EDE34C9C8}.Debug|Any CPU.ActiveCfg = Debug|Any CPU
		{ABCFA97F-B9BA-419C-8D08-0F3EDE34C9C8}.Debug|Any CPU.Build.0 = Debug|Any CPU
		{ABCFA97F-B9BA-419C-8D08-0F3EDE34C9C8}.Release|Any CPU.ActiveCfg = Release|Any CPU
		{ABCFA97F-B9BA-419C-8D08-0F3EDE34C9C8}.Release|Any CPU.Build.0 = Release|Any CPU
		{F8FE5E00-1467-4BDA-8304-18E2C420AA29}.Debug|Any CPU.ActiveCfg = Debug|Any CPU
		{F8FE5E00-1467-4BDA-8304-18E2C420AA29}.Debug|Any CPU.Build.0 = Debug|Any CPU
		{F8FE5E00-1467-4BDA-8304-18E2C420AA29}.Release|Any CPU.ActiveCfg = Release|Any CPU
		{F8FE5E00-1467-4BDA-8304-18E2C420AA29}.Release|Any CPU.Build.0 = Release|Any CPU
	EndGlobalSection
	GlobalSection(SolutionProperties) = preSolution
		HideSolutionNode = FALSE
	EndGlobalSection
	GlobalSection(ExtensibilityGlobals) = postSolution
		SolutionGuid = {A2AAFFB9-C251-42FD-9D8E-24393707E378}
	EndGlobalSection
EndGlobal
