
Microsoft Visual Studio Solution File, Format Version 12.00
# Visual Studio 15
VisualStudioVersion = 15.0.27130.2010
MinimumVisualStudioVersion = 10.0.40219.1
Project("{FAE04EC0-301F-11D3-BF4B-00C04F79EFBC}") = "Nanny.Main", "Nanny.Main\Nanny.Main.csproj", "{45267944-5F6D-4C6D-AFF6-0E65968D0ACD}"
EndProject
Project("{9A19103F-16F7-4668-BE54-9A1E7A4F7556}") = "Nanny.Main.Core", "Nanny.Main.Core\Nanny.Main.Core.csproj", "{06E08133-AE82-4A71-90BD-ABE8D2EB5C10}"
EndProject
Project("{9A19103F-16F7-4668-BE54-9A1E7A4F7556}") = "Nanny.Common", "..\library\Nanny.Common\Nanny.Common.csproj", "{F7E2CEAE-9C2B-44A6-A295-ED6E6F32DBAD}"
EndProject
Project("{9A19103F-16F7-4668-BE54-9A1E7A4F7556}") = "Nanny.Kubernetes", "..\library\Nanny.Kubernetes\Nanny.Kubernetes.csproj", "{24DB3A27-8195-4560-8603-166667415E70}"
EndProject
Project("{9A19103F-16F7-4668-BE54-9A1E7A4F7556}") = "Nanny.ServiceBus", "..\library\Nanny.ServiceBus\Nanny.ServiceBus.csproj", "{EF4CE7E2-FC92-401F-98FF-FEB7464878C0}"
EndProject
Global
	GlobalSection(SolutionConfigurationPlatforms) = preSolution
		Debug|Any CPU = Debug|Any CPU
		Release|Any CPU = Release|Any CPU
	EndGlobalSection
	GlobalSection(ProjectConfigurationPlatforms) = postSolution
		{45267944-5F6D-4C6D-AFF6-0E65968D0ACD}.Debug|Any CPU.ActiveCfg = Debug|Any CPU
		{45267944-5F6D-4C6D-AFF6-0E65968D0ACD}.Debug|Any CPU.Build.0 = Debug|Any CPU
		{45267944-5F6D-4C6D-AFF6-0E65968D0ACD}.Release|Any CPU.ActiveCfg = Release|Any CPU
		{45267944-5F6D-4C6D-AFF6-0E65968D0ACD}.Release|Any CPU.Build.0 = Release|Any CPU
		{06E08133-AE82-4A71-90BD-ABE8D2EB5C10}.Debug|Any CPU.ActiveCfg = Debug|Any CPU
		{06E08133-AE82-4A71-90BD-ABE8D2EB5C10}.Debug|Any CPU.Build.0 = Debug|Any CPU
		{06E08133-AE82-4A71-90BD-ABE8D2EB5C10}.Release|Any CPU.ActiveCfg = Release|Any CPU
		{06E08133-AE82-4A71-90BD-ABE8D2EB5C10}.Release|Any CPU.Build.0 = Release|Any CPU
		{F7E2CEAE-9C2B-44A6-A295-ED6E6F32DBAD}.Debug|Any CPU.ActiveCfg = Debug|Any CPU
		{F7E2CEAE-9C2B-44A6-A295-ED6E6F32DBAD}.Debug|Any CPU.Build.0 = Debug|Any CPU
		{F7E2CEAE-9C2B-44A6-A295-ED6E6F32DBAD}.Release|Any CPU.ActiveCfg = Release|Any CPU
		{F7E2CEAE-9C2B-44A6-A295-ED6E6F32DBAD}.Release|Any CPU.Build.0 = Release|Any CPU
		{24DB3A27-8195-4560-8603-166667415E70}.Debug|Any CPU.ActiveCfg = Debug|Any CPU
		{24DB3A27-8195-4560-8603-166667415E70}.Debug|Any CPU.Build.0 = Debug|Any CPU
		{24DB3A27-8195-4560-8603-166667415E70}.Release|Any CPU.ActiveCfg = Release|Any CPU
		{24DB3A27-8195-4560-8603-166667415E70}.Release|Any CPU.Build.0 = Release|Any CPU
		{EF4CE7E2-FC92-401F-98FF-FEB7464878C0}.Debug|Any CPU.ActiveCfg = Debug|Any CPU
		{EF4CE7E2-FC92-401F-98FF-FEB7464878C0}.Debug|Any CPU.Build.0 = Debug|Any CPU
		{EF4CE7E2-FC92-401F-98FF-FEB7464878C0}.Release|Any CPU.ActiveCfg = Release|Any CPU
		{EF4CE7E2-FC92-401F-98FF-FEB7464878C0}.Release|Any CPU.Build.0 = Release|Any CPU
	EndGlobalSection
	GlobalSection(SolutionProperties) = preSolution
		HideSolutionNode = FALSE
	EndGlobalSection
	GlobalSection(ExtensibilityGlobals) = postSolution
		SolutionGuid = {E8840E49-7BAD-4421-A403-DD007E48CF85}
	EndGlobalSection
EndGlobal
